
Microsoft Visual Studio Solution File, Format Version 12.00
# Visual Studio 15
VisualStudioVersion = 15.0.27428.2005
MinimumVisualStudioVersion = 10.0.40219.1
Project("{FAE04EC0-301F-11D3-BF4B-00C04F79EFBC}") = "CourseProject", "CourseProject\CourseProject.csproj", "{9E5B361A-6EEF-48A5-AB59-B1D106574B04}"
EndProject
Project("{FAE04EC0-301F-11D3-BF4B-00C04F79EFBC}") = "DataAccess", "DataAccess\DataAccess.csproj", "{CD046387-9F46-48AD-9D67-710A578FD43A}"
EndProject
Project("{00D1A9C2-B5F0-4AF3-8072-F6C62B433612}") = "StoryDB", "..\ConciliatorsSite\StoryDB\StoryDB.sqlproj", "{5A798352-E59D-4EC4-8224-91A57491410C}"
EndProject
Project("{FAE04EC0-301F-11D3-BF4B-00C04F79EFBC}") = "Repositories", "Repositories\Repositories.csproj", "{03FD86CC-13E8-42B9-BF10-9CFEA87A5CC8}"
EndProject
Global
	GlobalSection(SolutionConfigurationPlatforms) = preSolution
		Debug|Any CPU = Debug|Any CPU
		Release|Any CPU = Release|Any CPU
	EndGlobalSection
	GlobalSection(ProjectConfigurationPlatforms) = postSolution
		{9E5B361A-6EEF-48A5-AB59-B1D106574B04}.Debug|Any CPU.ActiveCfg = Debug|Any CPU
		{9E5B361A-6EEF-48A5-AB59-B1D106574B04}.Debug|Any CPU.Build.0 = Debug|Any CPU
		{9E5B361A-6EEF-48A5-AB59-B1D106574B04}.Release|Any CPU.ActiveCfg = Release|Any CPU
		{9E5B361A-6EEF-48A5-AB59-B1D106574B04}.Release|Any CPU.Build.0 = Release|Any CPU
		{CD046387-9F46-48AD-9D67-710A578FD43A}.Debug|Any CPU.ActiveCfg = Debug|Any CPU
		{CD046387-9F46-48AD-9D67-710A578FD43A}.Debug|Any CPU.Build.0 = Debug|Any CPU
		{CD046387-9F46-48AD-9D67-710A578FD43A}.Release|Any CPU.ActiveCfg = Release|Any CPU
		{CD046387-9F46-48AD-9D67-710A578FD43A}.Release|Any CPU.Build.0 = Release|Any CPU
		{5A798352-E59D-4EC4-8224-91A57491410C}.Debug|Any CPU.ActiveCfg = Debug|Any CPU
		{5A798352-E59D-4EC4-8224-91A57491410C}.Debug|Any CPU.Build.0 = Debug|Any CPU
		{5A798352-E59D-4EC4-8224-91A57491410C}.Debug|Any CPU.Deploy.0 = Debug|Any CPU
		{5A798352-E59D-4EC4-8224-91A57491410C}.Release|Any CPU.ActiveCfg = Release|Any CPU
		{5A798352-E59D-4EC4-8224-91A57491410C}.Release|Any CPU.Build.0 = Release|Any CPU
		{5A798352-E59D-4EC4-8224-91A57491410C}.Release|Any CPU.Deploy.0 = Release|Any CPU
		{03FD86CC-13E8-42B9-BF10-9CFEA87A5CC8}.Debug|Any CPU.ActiveCfg = Debug|Any CPU
		{03FD86CC-13E8-42B9-BF10-9CFEA87A5CC8}.Debug|Any CPU.Build.0 = Debug|Any CPU
		{03FD86CC-13E8-42B9-BF10-9CFEA87A5CC8}.Release|Any CPU.ActiveCfg = Release|Any CPU
		{03FD86CC-13E8-42B9-BF10-9CFEA87A5CC8}.Release|Any CPU.Build.0 = Release|Any CPU
	EndGlobalSection
	GlobalSection(SolutionProperties) = preSolution
		HideSolutionNode = FALSE
	EndGlobalSection
	GlobalSection(ExtensibilityGlobals) = postSolution
		SolutionGuid = {715504C0-459E-41DB-BD7C-F8D27DFF99B3}
	EndGlobalSection
EndGlobal
