
Microsoft Visual Studio Solution File, Format Version 12.00
# Visual Studio 15
VisualStudioVersion = 15.0.27703.2000
MinimumVisualStudioVersion = 10.0.40219.1
Project("{FAE04EC0-301F-11D3-BF4B-00C04F79EFBC}") = "MVCCourseProject", "MVCCourseProject\MVCCourseProject.csproj", "{2B88C12D-F3BC-47A7-9C02-393BDB4CC5A9}"
EndProject
Project("{00D1A9C2-B5F0-4AF3-8072-F6C62B433612}") = "StoryDB", "StoryDB\StoryDB.sqlproj", "{0DC0E03E-BDD0-4D39-8494-D3E1CCBCF5C7}"
EndProject
Project("{FAE04EC0-301F-11D3-BF4B-00C04F79EFBC}") = "DataAccess", "DataAccess\DataAccess.csproj", "{D2268FD3-A275-4554-A88C-8F43283E9215}"
EndProject
Project("{FAE04EC0-301F-11D3-BF4B-00C04F79EFBC}") = "Repositories", "Repositories\Repositories.csproj", "{3D6DD3DE-53A8-4BEF-A09B-56E00A396210}"
EndProject
Global
	GlobalSection(SolutionConfigurationPlatforms) = preSolution
		Debug|Any CPU = Debug|Any CPU
		Release|Any CPU = Release|Any CPU
	EndGlobalSection
	GlobalSection(ProjectConfigurationPlatforms) = postSolution
		{2B88C12D-F3BC-47A7-9C02-393BDB4CC5A9}.Debug|Any CPU.ActiveCfg = Debug|Any CPU
		{2B88C12D-F3BC-47A7-9C02-393BDB4CC5A9}.Debug|Any CPU.Build.0 = Debug|Any CPU
		{2B88C12D-F3BC-47A7-9C02-393BDB4CC5A9}.Release|Any CPU.ActiveCfg = Release|Any CPU
		{2B88C12D-F3BC-47A7-9C02-393BDB4CC5A9}.Release|Any CPU.Build.0 = Release|Any CPU
		{0DC0E03E-BDD0-4D39-8494-D3E1CCBCF5C7}.Debug|Any CPU.ActiveCfg = Debug|Any CPU
		{0DC0E03E-BDD0-4D39-8494-D3E1CCBCF5C7}.Debug|Any CPU.Build.0 = Debug|Any CPU
		{0DC0E03E-BDD0-4D39-8494-D3E1CCBCF5C7}.Debug|Any CPU.Deploy.0 = Debug|Any CPU
		{0DC0E03E-BDD0-4D39-8494-D3E1CCBCF5C7}.Release|Any CPU.ActiveCfg = Release|Any CPU
		{0DC0E03E-BDD0-4D39-8494-D3E1CCBCF5C7}.Release|Any CPU.Build.0 = Release|Any CPU
		{0DC0E03E-BDD0-4D39-8494-D3E1CCBCF5C7}.Release|Any CPU.Deploy.0 = Release|Any CPU
		{D2268FD3-A275-4554-A88C-8F43283E9215}.Debug|Any CPU.ActiveCfg = Debug|Any CPU
		{D2268FD3-A275-4554-A88C-8F43283E9215}.Debug|Any CPU.Build.0 = Debug|Any CPU
		{D2268FD3-A275-4554-A88C-8F43283E9215}.Release|Any CPU.ActiveCfg = Release|Any CPU
		{D2268FD3-A275-4554-A88C-8F43283E9215}.Release|Any CPU.Build.0 = Release|Any CPU
		{3D6DD3DE-53A8-4BEF-A09B-56E00A396210}.Debug|Any CPU.ActiveCfg = Debug|Any CPU
		{3D6DD3DE-53A8-4BEF-A09B-56E00A396210}.Debug|Any CPU.Build.0 = Debug|Any CPU
		{3D6DD3DE-53A8-4BEF-A09B-56E00A396210}.Release|Any CPU.ActiveCfg = Release|Any CPU
		{3D6DD3DE-53A8-4BEF-A09B-56E00A396210}.Release|Any CPU.Build.0 = Release|Any CPU
	EndGlobalSection
	GlobalSection(SolutionProperties) = preSolution
		HideSolutionNode = FALSE
	EndGlobalSection
	GlobalSection(ExtensibilityGlobals) = postSolution
		SolutionGuid = {F888EF72-AEB6-43D0-B819-DE509DE14BF4}
	EndGlobalSection
EndGlobal
